
Microsoft Visual Studio Solution File, Format Version 12.00
# Visual Studio Version 16
VisualStudioVersion = 16.0.29920.165
MinimumVisualStudioVersion = 10.0.40219.1
Project("{FAE04EC0-301F-11D3-BF4B-00C04F79EFBC}") = "AfricasTalking.USSD", "AfricasTalking.USSD\AfricasTalking.USSD.csproj", "{65969BA9-5693-4E82-96EF-01CA3861DCAA}"
EndProject
Global
	GlobalSection(SolutionConfigurationPlatforms) = preSolution
		Debug|Any CPU = Debug|Any CPU
		Release|Any CPU = Release|Any CPU
	EndGlobalSection
	GlobalSection(ProjectConfigurationPlatforms) = postSolution
		{65969BA9-5693-4E82-96EF-01CA3861DCAA}.Debug|Any CPU.ActiveCfg = Debug|Any CPU
		{65969BA9-5693-4E82-96EF-01CA3861DCAA}.Debug|Any CPU.Build.0 = Debug|Any CPU
		{65969BA9-5693-4E82-96EF-01CA3861DCAA}.Release|Any CPU.ActiveCfg = Release|Any CPU
		{65969BA9-5693-4E82-96EF-01CA3861DCAA}.Release|Any CPU.Build.0 = Release|Any CPU
	EndGlobalSection
	GlobalSection(SolutionProperties) = preSolution
		HideSolutionNode = FALSE
	EndGlobalSection
	GlobalSection(ExtensibilityGlobals) = postSolution
		SolutionGuid = {594DD369-C9F1-4DC4-94F9-CD632849E891}
	EndGlobalSection
EndGlobal
